// !$*UTF8*$!
{
	archiveVersion = 1;
	classes = {
	};
	objectVersion = 46;
	objects = {

/* Begin PBXBuildFile section */
		472ED05E197D32510028B227 /* AppDelegate.swift in Sources */ = {isa = PBXBuildFile; fileRef = 472ED05D197D32510028B227 /* AppDelegate.swift */; };
		472ED060197D32510028B227 /* GameScene.sks in Resources */ = {isa = PBXBuildFile; fileRef = 472ED05F197D32510028B227 /* GameScene.sks */; };
		472ED062197D32510028B227 /* GameScene.swift in Sources */ = {isa = PBXBuildFile; fileRef = 472ED061197D32510028B227 /* GameScene.swift */; };
		472ED064197D32510028B227 /* GameViewController.swift in Sources */ = {isa = PBXBuildFile; fileRef = 472ED063197D32510028B227 /* GameViewController.swift */; };
		472ED067197D32510028B227 /* Main.storyboard in Resources */ = {isa = PBXBuildFile; fileRef = 472ED065197D32510028B227 /* Main.storyboard */; };
		472ED069197D32510028B227 /* Images.xcassets in Resources */ = {isa = PBXBuildFile; fileRef = 472ED068197D32510028B227 /* Images.xcassets */; };
		472ED075197D32510028B227 /* UberJumpTests.swift in Sources */ = {isa = PBXBuildFile; fileRef = 472ED074197D32510028B227 /* UberJumpTests.swift */; };
		472ED0AA197D33F20028B227 /* Assets.atlas in Resources */ = {isa = PBXBuildFile; fileRef = 472ED07E197D33F20028B227 /* Assets.atlas */; };
		472ED0AB197D33F20028B227 /* Background.png in Resources */ = {isa = PBXBuildFile; fileRef = 472ED080197D33F20028B227 /* Background.png */; };
		472ED0AC197D33F20028B227 /* Background01.png in Resources */ = {isa = PBXBuildFile; fileRef = 472ED081197D33F20028B227 /* Background01.png */; };
		472ED0AD197D33F20028B227 /* Background01@2x.png in Resources */ = {isa = PBXBuildFile; fileRef = 472ED082197D33F20028B227 /* Background01@2x.png */; };
		472ED0AE197D33F20028B227 /* Background02.png in Resources */ = {isa = PBXBuildFile; fileRef = 472ED083197D33F20028B227 /* Background02.png */; };
		472ED0AF197D33F20028B227 /* Background02@2x.png in Resources */ = {isa = PBXBuildFile; fileRef = 472ED084197D33F20028B227 /* Background02@2x.png */; };
		472ED0B0197D33F20028B227 /* Background03.png in Resources */ = {isa = PBXBuildFile; fileRef = 472ED085197D33F20028B227 /* Background03.png */; };
		472ED0B1197D33F20028B227 /* Background03@2x.png in Resources */ = {isa = PBXBuildFile; fileRef = 472ED086197D33F20028B227 /* Background03@2x.png */; };
		472ED0B2197D33F20028B227 /* Background04.png in Resources */ = {isa = PBXBuildFile; fileRef = 472ED087197D33F20028B227 /* Background04.png */; };
		472ED0B3197D33F20028B227 /* Background04@2x.png in Resources */ = {isa = PBXBuildFile; fileRef = 472ED088197D33F20028B227 /* Background04@2x.png */; };
		472ED0B4197D33F20028B227 /* Background05.png in Resources */ = {isa = PBXBuildFile; fileRef = 472ED089197D33F20028B227 /* Background05.png */; };
		472ED0B5197D33F20028B227 /* Background05@2x.png in Resources */ = {isa = PBXBuildFile; fileRef = 472ED08A197D33F20028B227 /* Background05@2x.png */; };
		472ED0B6197D33F20028B227 /* Background06.png in Resources */ = {isa = PBXBuildFile; fileRef = 472ED08B197D33F20028B227 /* Background06.png */; };
		472ED0B7197D33F20028B227 /* Background06@2x.png in Resources */ = {isa = PBXBuildFile; fileRef = 472ED08C197D33F20028B227 /* Background06@2x.png */; };
		472ED0B8197D33F20028B227 /* Background07.png in Resources */ = {isa = PBXBuildFile; fileRef = 472ED08D197D33F20028B227 /* Background07.png */; };
		472ED0B9197D33F20028B227 /* Background07@2x.png in Resources */ = {isa = PBXBuildFile; fileRef = 472ED08E197D33F20028B227 /* Background07@2x.png */; };
		472ED0BA197D33F20028B227 /* Background08.png in Resources */ = {isa = PBXBuildFile; fileRef = 472ED08F197D33F20028B227 /* Background08.png */; };
		472ED0BB197D33F20028B227 /* Background08@2x.png in Resources */ = {isa = PBXBuildFile; fileRef = 472ED090197D33F20028B227 /* Background08@2x.png */; };
		472ED0BC197D33F20028B227 /* Background09.png in Resources */ = {isa = PBXBuildFile; fileRef = 472ED091197D33F20028B227 /* Background09.png */; };
		472ED0BD197D33F20028B227 /* Background09@2x.png in Resources */ = {isa = PBXBuildFile; fileRef = 472ED092197D33F20028B227 /* Background09@2x.png */; };
		472ED0BE197D33F20028B227 /* Background10.png in Resources */ = {isa = PBXBuildFile; fileRef = 472ED093197D33F20028B227 /* Background10.png */; };
		472ED0BF197D33F20028B227 /* Background10@2x.png in Resources */ = {isa = PBXBuildFile; fileRef = 472ED094197D33F20028B227 /* Background10@2x.png */; };
		472ED0C0197D33F20028B227 /* Background11.png in Resources */ = {isa = PBXBuildFile; fileRef = 472ED095197D33F20028B227 /* Background11.png */; };
		472ED0C1197D33F20028B227 /* Background11@2x.png in Resources */ = {isa = PBXBuildFile; fileRef = 472ED096197D33F20028B227 /* Background11@2x.png */; };
		472ED0C2197D33F20028B227 /* Background12.png in Resources */ = {isa = PBXBuildFile; fileRef = 472ED097197D33F20028B227 /* Background12.png */; };
		472ED0C3197D33F20028B227 /* Background12@2x.png in Resources */ = {isa = PBXBuildFile; fileRef = 472ED098197D33F20028B227 /* Background12@2x.png */; };
		472ED0C4197D33F20028B227 /* Background13.png in Resources */ = {isa = PBXBuildFile; fileRef = 472ED099197D33F20028B227 /* Background13.png */; };
		472ED0C5197D33F20028B227 /* Background13@2x.png in Resources */ = {isa = PBXBuildFile; fileRef = 472ED09A197D33F20028B227 /* Background13@2x.png */; };
		472ED0C6197D33F20028B227 /* Background14.png in Resources */ = {isa = PBXBuildFile; fileRef = 472ED09B197D33F20028B227 /* Background14.png */; };
		472ED0C7197D33F20028B227 /* Background14@2x.png in Resources */ = {isa = PBXBuildFile; fileRef = 472ED09C197D33F20028B227 /* Background14@2x.png */; };
		472ED0C8197D33F20028B227 /* Background15.png in Resources */ = {isa = PBXBuildFile; fileRef = 472ED09D197D33F20028B227 /* Background15.png */; };
		472ED0C9197D33F20028B227 /* Background15@2x.png in Resources */ = {isa = PBXBuildFile; fileRef = 472ED09E197D33F20028B227 /* Background15@2x.png */; };
		472ED0CA197D33F20028B227 /* Background16.png in Resources */ = {isa = PBXBuildFile; fileRef = 472ED09F197D33F20028B227 /* Background16.png */; };
		472ED0CB197D33F20028B227 /* Background16@2x.png in Resources */ = {isa = PBXBuildFile; fileRef = 472ED0A0197D33F20028B227 /* Background16@2x.png */; };
		472ED0CC197D33F20028B227 /* Background17.png in Resources */ = {isa = PBXBuildFile; fileRef = 472ED0A1197D33F20028B227 /* Background17.png */; };
		472ED0CD197D33F20028B227 /* Background17@2x.png in Resources */ = {isa = PBXBuildFile; fileRef = 472ED0A2197D33F20028B227 /* Background17@2x.png */; };
		472ED0CE197D33F20028B227 /* Background18.png in Resources */ = {isa = PBXBuildFile; fileRef = 472ED0A3197D33F20028B227 /* Background18.png */; };
		472ED0CF197D33F20028B227 /* Background18@2x.png in Resources */ = {isa = PBXBuildFile; fileRef = 472ED0A4197D33F20028B227 /* Background18@2x.png */; };
		472ED0D0197D33F20028B227 /* Background19.png in Resources */ = {isa = PBXBuildFile; fileRef = 472ED0A5197D33F20028B227 /* Background19.png */; };
		472ED0D1197D33F20028B227 /* Background19@2x.png in Resources */ = {isa = PBXBuildFile; fileRef = 472ED0A6197D33F20028B227 /* Background19@2x.png */; };
		472ED0D2197D33F20028B227 /* Background20.png in Resources */ = {isa = PBXBuildFile; fileRef = 472ED0A7197D33F20028B227 /* Background20.png */; };
		472ED0D3197D33F20028B227 /* Background20@2x.png in Resources */ = {isa = PBXBuildFile; fileRef = 472ED0A8197D33F20028B227 /* Background20@2x.png */; };
		472ED0D4197D33F20028B227 /* Background@2x.png in Resources */ = {isa = PBXBuildFile; fileRef = 472ED0A9197D33F20028B227 /* Background@2x.png */; };
		472ED0D6197D4C550028B227 /* GameObjectNode.swift in Sources */ = {isa = PBXBuildFile; fileRef = 472ED0D5197D4C550028B227 /* GameObjectNode.swift */; };
		472ED0D8197D4DF80028B227 /* StarNode.swift in Sources */ = {isa = PBXBuildFile; fileRef = 472ED0D7197D4DF80028B227 /* StarNode.swift */; };
/* End PBXBuildFile section */

/* Begin PBXContainerItemProxy section */
		472ED06F197D32510028B227 /* PBXContainerItemProxy */ = {
			isa = PBXContainerItemProxy;
			containerPortal = 472ED050197D32510028B227 /* Project object */;
			proxyType = 1;
			remoteGlobalIDString = 472ED057197D32510028B227;
			remoteInfo = UberJump;
		};
/* End PBXContainerItemProxy section */

/* Begin PBXFileReference section */
		472ED058197D32510028B227 /* UberJump.app */ = {isa = PBXFileReference; explicitFileType = wrapper.application; includeInIndex = 0; path = UberJump.app; sourceTree = BUILT_PRODUCTS_DIR; };
		472ED05C197D32510028B227 /* Info.plist */ = {isa = PBXFileReference; lastKnownFileType = text.plist.xml; path = Info.plist; sourceTree = "<group>"; };
		472ED05D197D32510028B227 /* AppDelegate.swift */ = {isa = PBXFileReference; lastKnownFileType = sourcecode.swift; path = AppDelegate.swift; sourceTree = "<group>"; };
		472ED05F197D32510028B227 /* GameScene.sks */ = {isa = PBXFileReference; lastKnownFileType = file.sks; path = GameScene.sks; sourceTree = "<group>"; };
		472ED061197D32510028B227 /* GameScene.swift */ = {isa = PBXFileReference; lastKnownFileType = sourcecode.swift; path = GameScene.swift; sourceTree = "<group>"; };
		472ED063197D32510028B227 /* GameViewController.swift */ = {isa = PBXFileReference; lastKnownFileType = sourcecode.swift; path = GameViewController.swift; sourceTree = "<group>"; };
		472ED066197D32510028B227 /* Base */ = {isa = PBXFileReference; lastKnownFileType = file.storyboard; name = Base; path = Base.lproj/Main.storyboard; sourceTree = "<group>"; };
		472ED068197D32510028B227 /* Images.xcassets */ = {isa = PBXFileReference; lastKnownFileType = folder.assetcatalog; path = Images.xcassets; sourceTree = "<group>"; };
		472ED06E197D32510028B227 /* UberJumpTests.xctest */ = {isa = PBXFileReference; explicitFileType = wrapper.cfbundle; includeInIndex = 0; path = UberJumpTests.xctest; sourceTree = BUILT_PRODUCTS_DIR; };
		472ED073197D32510028B227 /* Info.plist */ = {isa = PBXFileReference; lastKnownFileType = text.plist.xml; path = Info.plist; sourceTree = "<group>"; };
		472ED074197D32510028B227 /* UberJumpTests.swift */ = {isa = PBXFileReference; lastKnownFileType = sourcecode.swift; path = UberJumpTests.swift; sourceTree = "<group>"; };
		472ED07E197D33F20028B227 /* Assets.atlas */ = {isa = PBXFileReference; lastKnownFileType = folder.skatlas; path = Assets.atlas; sourceTree = "<group>"; };
		472ED080197D33F20028B227 /* Background.png */ = {isa = PBXFileReference; lastKnownFileType = image.png; path = Background.png; sourceTree = "<group>"; };
		472ED081197D33F20028B227 /* Background01.png */ = {isa = PBXFileReference; lastKnownFileType = image.png; path = Background01.png; sourceTree = "<group>"; };
		472ED082197D33F20028B227 /* Background01@2x.png */ = {isa = PBXFileReference; lastKnownFileType = image.png; path = "Background01@2x.png"; sourceTree = "<group>"; };
		472ED083197D33F20028B227 /* Background02.png */ = {isa = PBXFileReference; lastKnownFileType = image.png; path = Background02.png; sourceTree = "<group>"; };
		472ED084197D33F20028B227 /* Background02@2x.png */ = {isa = PBXFileReference; lastKnownFileType = image.png; path = "Background02@2x.png"; sourceTree = "<group>"; };
		472ED085197D33F20028B227 /* Background03.png */ = {isa = PBXFileReference; lastKnownFileType = image.png; path = Background03.png; sourceTree = "<group>"; };
		472ED086197D33F20028B227 /* Background03@2x.png */ = {isa = PBXFileReference; lastKnownFileType = image.png; path = "Background03@2x.png"; sourceTree = "<group>"; };
		472ED087197D33F20028B227 /* Background04.png */ = {isa = PBXFileReference; lastKnownFileType = image.png; path = Background04.png; sourceTree = "<group>"; };
		472ED088197D33F20028B227 /* Background04@2x.png */ = {isa = PBXFileReference; lastKnownFileType = image.png; path = "Background04@2x.png"; sourceTree = "<group>"; };
		472ED089197D33F20028B227 /* Background05.png */ = {isa = PBXFileReference; lastKnownFileType = image.png; path = Background05.png; sourceTree = "<group>"; };
		472ED08A197D33F20028B227 /* Background05@2x.png */ = {isa = PBXFileReference; lastKnownFileType = image.png; path = "Background05@2x.png"; sourceTree = "<group>"; };
		472ED08B197D33F20028B227 /* Background06.png */ = {isa = PBXFileReference; lastKnownFileType = image.png; path = Background06.png; sourceTree = "<group>"; };
		472ED08C197D33F20028B227 /* Background06@2x.png */ = {isa = PBXFileReference; lastKnownFileType = image.png; path = "Background06@2x.png"; sourceTree = "<group>"; };
		472ED08D197D33F20028B227 /* Background07.png */ = {isa = PBXFileReference; lastKnownFileType = image.png; path = Background07.png; sourceTree = "<group>"; };
		472ED08E197D33F20028B227 /* Background07@2x.png */ = {isa = PBXFileReference; lastKnownFileType = image.png; path = "Background07@2x.png"; sourceTree = "<group>"; };
		472ED08F197D33F20028B227 /* Background08.png */ = {isa = PBXFileReference; lastKnownFileType = image.png; path = Background08.png; sourceTree = "<group>"; };
		472ED090197D33F20028B227 /* Background08@2x.png */ = {isa = PBXFileReference; lastKnownFileType = image.png; path = "Background08@2x.png"; sourceTree = "<group>"; };
		472ED091197D33F20028B227 /* Background09.png */ = {isa = PBXFileReference; lastKnownFileType = image.png; path = Background09.png; sourceTree = "<group>"; };
		472ED092197D33F20028B227 /* Background09@2x.png */ = {isa = PBXFileReference; lastKnownFileType = image.png; path = "Background09@2x.png"; sourceTree = "<group>"; };
		472ED093197D33F20028B227 /* Background10.png */ = {isa = PBXFileReference; lastKnownFileType = image.png; path = Background10.png; sourceTree = "<group>"; };
		472ED094197D33F20028B227 /* Background10@2x.png */ = {isa = PBXFileReference; lastKnownFileType = image.png; path = "Background10@2x.png"; sourceTree = "<group>"; };
		472ED095197D33F20028B227 /* Background11.png */ = {isa = PBXFileReference; lastKnownFileType = image.png; path = Background11.png; sourceTree = "<group>"; };
		472ED096197D33F20028B227 /* Background11@2x.png */ = {isa = PBXFileReference; lastKnownFileType = image.png; path = "Background11@2x.png"; sourceTree = "<group>"; };
		472ED097197D33F20028B227 /* Background12.png */ = {isa = PBXFileReference; lastKnownFileType = image.png; path = Background12.png; sourceTree = "<group>"; };
		472ED098197D33F20028B227 /* Background12@2x.png */ = {isa = PBXFileReference; lastKnownFileType = image.png; path = "Background12@2x.png"; sourceTree = "<group>"; };
		472ED099197D33F20028B227 /* Background13.png */ = {isa = PBXFileReference; lastKnownFileType = image.png; path = Background13.png; sourceTree = "<group>"; };
		472ED09A197D33F20028B227 /* Background13@2x.png */ = {isa = PBXFileReference; lastKnownFileType = image.png; path = "Background13@2x.png"; sourceTree = "<group>"; };
		472ED09B197D33F20028B227 /* Background14.png */ = {isa = PBXFileReference; lastKnownFileType = image.png; path = Background14.png; sourceTree = "<group>"; };
		472ED09C197D33F20028B227 /* Background14@2x.png */ = {isa = PBXFileReference; lastKnownFileType = image.png; path = "Background14@2x.png"; sourceTree = "<group>"; };
		472ED09D197D33F20028B227 /* Background15.png */ = {isa = PBXFileReference; lastKnownFileType = image.png; path = Background15.png; sourceTree = "<group>"; };
		472ED09E197D33F20028B227 /* Background15@2x.png */ = {isa = PBXFileReference; lastKnownFileType = image.png; path = "Background15@2x.png"; sourceTree = "<group>"; };
		472ED09F197D33F20028B227 /* Background16.png */ = {isa = PBXFileReference; lastKnownFileType = image.png; path = Background16.png; sourceTree = "<group>"; };
		472ED0A0197D33F20028B227 /* Background16@2x.png */ = {isa = PBXFileReference; lastKnownFileType = image.png; path = "Background16@2x.png"; sourceTree = "<group>"; };
		472ED0A1197D33F20028B227 /* Background17.png */ = {isa = PBXFileReference; lastKnownFileType = image.png; path = Background17.png; sourceTree = "<group>"; };
		472ED0A2197D33F20028B227 /* Background17@2x.png */ = {isa = PBXFileReference; lastKnownFileType = image.png; path = "Background17@2x.png"; sourceTree = "<group>"; };
		472ED0A3197D33F20028B227 /* Background18.png */ = {isa = PBXFileReference; lastKnownFileType = image.png; path = Background18.png; sourceTree = "<group>"; };
		472ED0A4197D33F20028B227 /* Background18@2x.png */ = {isa = PBXFileReference; lastKnownFileType = image.png; path = "Background18@2x.png"; sourceTree = "<group>"; };
		472ED0A5197D33F20028B227 /* Background19.png */ = {isa = PBXFileReference; lastKnownFileType = image.png; path = Background19.png; sourceTree = "<group>"; };
		472ED0A6197D33F20028B227 /* Background19@2x.png */ = {isa = PBXFileReference; lastKnownFileType = image.png; path = "Background19@2x.png"; sourceTree = "<group>"; };
		472ED0A7197D33F20028B227 /* Background20.png */ = {isa = PBXFileReference; lastKnownFileType = image.png; path = Background20.png; sourceTree = "<group>"; };
		472ED0A8197D33F20028B227 /* Background20@2x.png */ = {isa = PBXFileReference; lastKnownFileType = image.png; path = "Background20@2x.png"; sourceTree = "<group>"; };
		472ED0A9197D33F20028B227 /* Background@2x.png */ = {isa = PBXFileReference; lastKnownFileType = image.png; path = "Background@2x.png"; sourceTree = "<group>"; };
		472ED0D5197D4C550028B227 /* GameObjectNode.swift */ = {isa = PBXFileReference; fileEncoding = 4; lastKnownFileType = sourcecode.swift; path = GameObjectNode.swift; sourceTree = "<group>"; };
		472ED0D7197D4DF80028B227 /* StarNode.swift */ = {isa = PBXFileReference; fileEncoding = 4; lastKnownFileType = sourcecode.swift; path = StarNode.swift; sourceTree = "<group>"; };
/* End PBXFileReference section */

/* Begin PBXFrameworksBuildPhase section */
		472ED055197D32510028B227 /* Frameworks */ = {
			isa = PBXFrameworksBuildPhase;
			buildActionMask = 2147483647;
			files = (
			);
			runOnlyForDeploymentPostprocessing = 0;
		};
		472ED06B197D32510028B227 /* Frameworks */ = {
			isa = PBXFrameworksBuildPhase;
			buildActionMask = 2147483647;
			files = (
			);
			runOnlyForDeploymentPostprocessing = 0;
		};
/* End PBXFrameworksBuildPhase section */

/* Begin PBXGroup section */
		472ED04F197D32510028B227 = {
			isa = PBXGroup;
			children = (
				472ED05A197D32510028B227 /* UberJump */,
				472ED071197D32510028B227 /* UberJumpTests */,
				472ED059197D32510028B227 /* Products */,
			);
			sourceTree = "<group>";
		};
		472ED059197D32510028B227 /* Products */ = {
			isa = PBXGroup;
			children = (
				472ED058197D32510028B227 /* UberJump.app */,
				472ED06E197D32510028B227 /* UberJumpTests.xctest */,
			);
			name = Products;
			sourceTree = "<group>";
		};
		472ED05A197D32510028B227 /* UberJump */ = {
			isa = PBXGroup;
			children = (
				472ED07E197D33F20028B227 /* Assets.atlas */,
				472ED07F197D33F20028B227 /* Backgrounds */,
				472ED05D197D32510028B227 /* AppDelegate.swift */,
				472ED05F197D32510028B227 /* GameScene.sks */,
				472ED061197D32510028B227 /* GameScene.swift */,
				472ED0D5197D4C550028B227 /* GameObjectNode.swift */,
				472ED0D7197D4DF80028B227 /* StarNode.swift */,
				472ED063197D32510028B227 /* GameViewController.swift */,
				472ED065197D32510028B227 /* Main.storyboard */,
				472ED068197D32510028B227 /* Images.xcassets */,
				472ED05B197D32510028B227 /* Supporting Files */,
			);
			path = UberJump;
			sourceTree = "<group>";
		};
		472ED05B197D32510028B227 /* Supporting Files */ = {
			isa = PBXGroup;
			children = (
				472ED05C197D32510028B227 /* Info.plist */,
			);
			name = "Supporting Files";
			sourceTree = "<group>";
		};
		472ED071197D32510028B227 /* UberJumpTests */ = {
			isa = PBXGroup;
			children = (
				472ED074197D32510028B227 /* UberJumpTests.swift */,
				472ED072197D32510028B227 /* Supporting Files */,
			);
			path = UberJumpTests;
			sourceTree = "<group>";
		};
		472ED072197D32510028B227 /* Supporting Files */ = {
			isa = PBXGroup;
			children = (
				472ED073197D32510028B227 /* Info.plist */,
			);
			name = "Supporting Files";
			sourceTree = "<group>";
		};
		472ED07F197D33F20028B227 /* Backgrounds */ = {
			isa = PBXGroup;
			children = (
				472ED080197D33F20028B227 /* Background.png */,
				472ED081197D33F20028B227 /* Background01.png */,
				472ED082197D33F20028B227 /* Background01@2x.png */,
				472ED083197D33F20028B227 /* Background02.png */,
				472ED084197D33F20028B227 /* Background02@2x.png */,
				472ED085197D33F20028B227 /* Background03.png */,
				472ED086197D33F20028B227 /* Background03@2x.png */,
				472ED087197D33F20028B227 /* Background04.png */,
				472ED088197D33F20028B227 /* Background04@2x.png */,
				472ED089197D33F20028B227 /* Background05.png */,
				472ED08A197D33F20028B227 /* Background05@2x.png */,
				472ED08B197D33F20028B227 /* Background06.png */,
				472ED08C197D33F20028B227 /* Background06@2x.png */,
				472ED08D197D33F20028B227 /* Background07.png */,
				472ED08E197D33F20028B227 /* Background07@2x.png */,
				472ED08F197D33F20028B227 /* Background08.png */,
				472ED090197D33F20028B227 /* Background08@2x.png */,
				472ED091197D33F20028B227 /* Background09.png */,
				472ED092197D33F20028B227 /* Background09@2x.png */,
				472ED093197D33F20028B227 /* Background10.png */,
				472ED094197D33F20028B227 /* Background10@2x.png */,
				472ED095197D33F20028B227 /* Background11.png */,
				472ED096197D33F20028B227 /* Background11@2x.png */,
				472ED097197D33F20028B227 /* Background12.png */,
				472ED098197D33F20028B227 /* Background12@2x.png */,
				472ED099197D33F20028B227 /* Background13.png */,
				472ED09A197D33F20028B227 /* Background13@2x.png */,
				472ED09B197D33F20028B227 /* Background14.png */,
				472ED09C197D33F20028B227 /* Background14@2x.png */,
				472ED09D197D33F20028B227 /* Background15.png */,
				472ED09E197D33F20028B227 /* Background15@2x.png */,
				472ED09F197D33F20028B227 /* Background16.png */,
				472ED0A0197D33F20028B227 /* Background16@2x.png */,
				472ED0A1197D33F20028B227 /* Background17.png */,
				472ED0A2197D33F20028B227 /* Background17@2x.png */,
				472ED0A3197D33F20028B227 /* Background18.png */,
				472ED0A4197D33F20028B227 /* Background18@2x.png */,
				472ED0A5197D33F20028B227 /* Background19.png */,
				472ED0A6197D33F20028B227 /* Background19@2x.png */,
				472ED0A7197D33F20028B227 /* Background20.png */,
				472ED0A8197D33F20028B227 /* Background20@2x.png */,
				472ED0A9197D33F20028B227 /* Background@2x.png */,
			);
			path = Backgrounds;
			sourceTree = "<group>";
		};
/* End PBXGroup section */

/* Begin PBXNativeTarget section */
		472ED057197D32510028B227 /* UberJump */ = {
			isa = PBXNativeTarget;
			buildConfigurationList = 472ED078197D32510028B227 /* Build configuration list for PBXNativeTarget "UberJump" */;
			buildPhases = (
				472ED054197D32510028B227 /* Sources */,
				472ED055197D32510028B227 /* Frameworks */,
				472ED056197D32510028B227 /* Resources */,
			);
			buildRules = (
			);
			dependencies = (
			);
			name = UberJump;
			productName = UberJump;
			productReference = 472ED058197D32510028B227 /* UberJump.app */;
			productType = "com.apple.product-type.application";
		};
		472ED06D197D32510028B227 /* UberJumpTests */ = {
			isa = PBXNativeTarget;
			buildConfigurationList = 472ED07B197D32510028B227 /* Build configuration list for PBXNativeTarget "UberJumpTests" */;
			buildPhases = (
				472ED06A197D32510028B227 /* Sources */,
				472ED06B197D32510028B227 /* Frameworks */,
				472ED06C197D32510028B227 /* Resources */,
			);
			buildRules = (
			);
			dependencies = (
				472ED070197D32510028B227 /* PBXTargetDependency */,
			);
			name = UberJumpTests;
			productName = UberJumpTests;
			productReference = 472ED06E197D32510028B227 /* UberJumpTests.xctest */;
			productType = "com.apple.product-type.bundle.unit-test";
		};
/* End PBXNativeTarget section */

/* Begin PBXProject section */
		472ED050197D32510028B227 /* Project object */ = {
			isa = PBXProject;
			attributes = {
				LastUpgradeCheck = 0600;
				ORGANIZATIONNAME = wubin;
				TargetAttributes = {
					472ED057197D32510028B227 = {
						CreatedOnToolsVersion = 6.0;
					};
					472ED06D197D32510028B227 = {
						CreatedOnToolsVersion = 6.0;
						TestTargetID = 472ED057197D32510028B227;
					};
				};
			};
			buildConfigurationList = 472ED053197D32510028B227 /* Build configuration list for PBXProject "UberJump" */;
			compatibilityVersion = "Xcode 3.2";
			developmentRegion = English;
			hasScannedForEncodings = 0;
			knownRegions = (
				en,
				Base,
			);
			mainGroup = 472ED04F197D32510028B227;
			productRefGroup = 472ED059197D32510028B227 /* Products */;
			projectDirPath = "";
			projectRoot = "";
			targets = (
				472ED057197D32510028B227 /* UberJump */,
				472ED06D197D32510028B227 /* UberJumpTests */,
			);
		};
/* End PBXProject section */

/* Begin PBXResourcesBuildPhase section */
		472ED056197D32510028B227 /* Resources */ = {
			isa = PBXResourcesBuildPhase;
			buildActionMask = 2147483647;
			files = (
				472ED0B8197D33F20028B227 /* Background07.png in Resources */,
				472ED0AC197D33F20028B227 /* Background01.png in Resources */,
				472ED069197D32510028B227 /* Images.xcassets in Resources */,
				472ED0C4197D33F20028B227 /* Background13.png in Resources */,
				472ED0BA197D33F20028B227 /* Background08.png in Resources */,
				472ED0AF197D33F20028B227 /* Background02@2x.png in Resources */,
				472ED0B2197D33F20028B227 /* Background04.png in Resources */,
				472ED0C2197D33F20028B227 /* Background12.png in Resources */,
				472ED0C6197D33F20028B227 /* Background14.png in Resources */,
				472ED0CF197D33F20028B227 /* Background18@2x.png in Resources */,
				472ED0D4197D33F20028B227 /* Background@2x.png in Resources */,
				472ED0C5197D33F20028B227 /* Background13@2x.png in Resources */,
				472ED0B5197D33F20028B227 /* Background05@2x.png in Resources */,
				472ED0BF197D33F20028B227 /* Background10@2x.png in Resources */,
				472ED0D2197D33F20028B227 /* Background20.png in Resources */,
				472ED0B4197D33F20028B227 /* Background05.png in Resources */,
				472ED0BB197D33F20028B227 /* Background08@2x.png in Resources */,
				472ED0BD197D33F20028B227 /* Background09@2x.png in Resources */,
				472ED0AD197D33F20028B227 /* Background01@2x.png in Resources */,
				472ED0B7197D33F20028B227 /* Background06@2x.png in Resources */,
				472ED0BE197D33F20028B227 /* Background10.png in Resources */,
				472ED0CA197D33F20028B227 /* Background16.png in Resources */,
				472ED0B3197D33F20028B227 /* Background04@2x.png in Resources */,
				472ED060197D32510028B227 /* GameScene.sks in Resources */,
				472ED0B6197D33F20028B227 /* Background06.png in Resources */,
				472ED0C1197D33F20028B227 /* Background11@2x.png in Resources */,
				472ED0BC197D33F20028B227 /* Background09.png in Resources */,
				472ED0C8197D33F20028B227 /* Background15.png in Resources */,
				472ED0C9197D33F20028B227 /* Background15@2x.png in Resources */,
				472ED0D0197D33F20028B227 /* Background19.png in Resources */,
				472ED0CB197D33F20028B227 /* Background16@2x.png in Resources */,
				472ED0B9197D33F20028B227 /* Background07@2x.png in Resources */,
				472ED0D1197D33F20028B227 /* Background19@2x.png in Resources */,
				472ED0D3197D33F20028B227 /* Background20@2x.png in Resources */,
				472ED0CE197D33F20028B227 /* Background18.png in Resources */,
				472ED0AB197D33F20028B227 /* Background.png in Resources */,
				472ED0AE197D33F20028B227 /* Background02.png in Resources */,
				472ED0C3197D33F20028B227 /* Background12@2x.png in Resources */,
				472ED0C7197D33F20028B227 /* Background14@2x.png in Resources */,
				472ED0CD197D33F20028B227 /* Background17@2x.png in Resources */,
				472ED0B1197D33F20028B227 /* Background03@2x.png in Resources */,
				472ED0AA197D33F20028B227 /* Assets.atlas in Resources */,
				472ED0C0197D33F20028B227 /* Background11.png in Resources */,
				472ED0CC197D33F20028B227 /* Background17.png in Resources */,
				472ED0B0197D33F20028B227 /* Background03.png in Resources */,
				472ED067197D32510028B227 /* Main.storyboard in Resources */,
			);
			runOnlyForDeploymentPostprocessing = 0;
		};
		472ED06C197D32510028B227 /* Resources */ = {
			isa = PBXResourcesBuildPhase;
			buildActionMask = 2147483647;
			files = (
			);
			runOnlyForDeploymentPostprocessing = 0;
		};
/* End PBXResourcesBuildPhase section */

/* Begin PBXSourcesBuildPhase section */
		472ED054197D32510028B227 /* Sources */ = {
			isa = PBXSourcesBuildPhase;
			buildActionMask = 2147483647;
			files = (
				472ED062197D32510028B227 /* GameScene.swift in Sources */,
				472ED0D8197D4DF80028B227 /* StarNode.swift in Sources */,
				472ED064197D32510028B227 /* GameViewController.swift in Sources */,
				472ED0D6197D4C550028B227 /* GameObjectNode.swift in Sources */,
				472ED05E197D32510028B227 /* AppDelegate.swift in Sources */,
			);
			runOnlyForDeploymentPostprocessing = 0;
		};
		472ED06A197D32510028B227 /* Sources */ = {
			isa = PBXSourcesBuildPhase;
			buildActionMask = 2147483647;
			files = (
				472ED075197D32510028B227 /* UberJumpTests.swift in Sources */,
			);
			runOnlyForDeploymentPostprocessing = 0;
		};
/* End PBXSourcesBuildPhase section */

/* Begin PBXTargetDependency section */
		472ED070197D32510028B227 /* PBXTargetDependency */ = {
			isa = PBXTargetDependency;
			target = 472ED057197D32510028B227 /* UberJump */;
			targetProxy = 472ED06F197D32510028B227 /* PBXContainerItemProxy */;
		};
/* End PBXTargetDependency section */

/* Begin PBXVariantGroup section */
		472ED065197D32510028B227 /* Main.storyboard */ = {
			isa = PBXVariantGroup;
			children = (
				472ED066197D32510028B227 /* Base */,
			);
			name = Main.storyboard;
			sourceTree = "<group>";
		};
/* End PBXVariantGroup section */

/* Begin XCBuildConfiguration section */
		472ED076197D32510028B227 /* Debug */ = {
			isa = XCBuildConfiguration;
			buildSettings = {
				ALWAYS_SEARCH_USER_PATHS = NO;
				CLANG_CXX_LANGUAGE_STANDARD = "gnu++0x";
				CLANG_CXX_LIBRARY = "libc++";
				CLANG_ENABLE_MODULES = YES;
				CLANG_ENABLE_OBJC_ARC = YES;
				CLANG_WARN_BOOL_CONVERSION = YES;
				CLANG_WARN_CONSTANT_CONVERSION = YES;
				CLANG_WARN_DIRECT_OBJC_ISA_USAGE = YES_ERROR;
				CLANG_WARN_EMPTY_BODY = YES;
				CLANG_WARN_ENUM_CONVERSION = YES;
				CLANG_WARN_INT_CONVERSION = YES;
				CLANG_WARN_OBJC_ROOT_CLASS = YES_ERROR;
				CLANG_WARN_UNREACHABLE_CODE = YES;
				CLANG_WARN__DUPLICATE_METHOD_MATCH = YES;
				"CODE_SIGN_IDENTITY[sdk=iphoneos*]" = "iPhone Developer";
				COPY_PHASE_STRIP = NO;
				ENABLE_STRICT_OBJC_MSGSEND = YES;
				GCC_C_LANGUAGE_STANDARD = gnu99;
				GCC_DYNAMIC_NO_PIC = NO;
				GCC_OPTIMIZATION_LEVEL = 0;
				GCC_PREPROCESSOR_DEFINITIONS = (
					"DEBUG=1",
					"$(inherited)",
				);
				GCC_SYMBOLS_PRIVATE_EXTERN = NO;
				GCC_WARN_64_TO_32_BIT_CONVERSION = YES;
				GCC_WARN_ABOUT_RETURN_TYPE = YES_ERROR;
				GCC_WARN_UNDECLARED_SELECTOR = YES;
				GCC_WARN_UNINITIALIZED_AUTOS = YES_AGGRESSIVE;
				GCC_WARN_UNUSED_FUNCTION = YES;
				GCC_WARN_UNUSED_VARIABLE = YES;
				IPHONEOS_DEPLOYMENT_TARGET = 8.0;
				MTL_ENABLE_DEBUG_INFO = YES;
				ONLY_ACTIVE_ARCH = YES;
				SDKROOT = iphoneos;
				SWIFT_OPTIMIZATION_LEVEL = "-Onone";
			};
			name = Debug;
		};
		472ED077197D32510028B227 /* Release */ = {
			isa = XCBuildConfiguration;
			buildSettings = {
				ALWAYS_SEARCH_USER_PATHS = NO;
				CLANG_CXX_LANGUAGE_STANDARD = "gnu++0x";
				CLANG_CXX_LIBRARY = "libc++";
				CLANG_ENABLE_MODULES = YES;
				CLANG_ENABLE_OBJC_ARC = YES;
				CLANG_WARN_BOOL_CONVERSION = YES;
				CLANG_WARN_CONSTANT_CONVERSION = YES;
				CLANG_WARN_DIRECT_OBJC_ISA_USAGE = YES_ERROR;
				CLANG_WARN_EMPTY_BODY = YES;
				CLANG_WARN_ENUM_CONVERSION = YES;
				CLANG_WARN_INT_CONVERSION = YES;
				CLANG_WARN_OBJC_ROOT_CLASS = YES_ERROR;
				CLANG_WARN_UNREACHABLE_CODE = YES;
				CLANG_WARN__DUPLICATE_METHOD_MATCH = YES;
				"CODE_SIGN_IDENTITY[sdk=iphoneos*]" = "iPhone Developer";
				COPY_PHASE_STRIP = YES;
				ENABLE_NS_ASSERTIONS = NO;
				ENABLE_STRICT_OBJC_MSGSEND = YES;
				GCC_C_LANGUAGE_STANDARD = gnu99;
				GCC_WARN_64_TO_32_BIT_CONVERSION = YES;
				GCC_WARN_ABOUT_RETURN_TYPE = YES_ERROR;
				GCC_WARN_UNDECLARED_SELECTOR = YES;
				GCC_WARN_UNINITIALIZED_AUTOS = YES_AGGRESSIVE;
				GCC_WARN_UNUSED_FUNCTION = YES;
				GCC_WARN_UNUSED_VARIABLE = YES;
				IPHONEOS_DEPLOYMENT_TARGET = 8.0;
				MTL_ENABLE_DEBUG_INFO = NO;
				SDKROOT = iphoneos;
				VALIDATE_PRODUCT = YES;
			};
			name = Release;
		};
		472ED079197D32510028B227 /* Debug */ = {
			isa = XCBuildConfiguration;
			buildSettings = {
				ASSETCATALOG_COMPILER_APPICON_NAME = AppIcon;
				ASSETCATALOG_COMPILER_LAUNCHIMAGE_NAME = LaunchImage;
				INFOPLIST_FILE = UberJump/Info.plist;
				LD_RUNPATH_SEARCH_PATHS = "$(inherited) @executable_path/Frameworks";
				PRODUCT_NAME = "$(TARGET_NAME)";
			};
			name = Debug;
		};
		472ED07A197D32510028B227 /* Release */ = {
			isa = XCBuildConfiguration;
			buildSettings = {
				ASSETCATALOG_COMPILER_APPICON_NAME = AppIcon;
				ASSETCATALOG_COMPILER_LAUNCHIMAGE_NAME = LaunchImage;
				INFOPLIST_FILE = UberJump/Info.plist;
				LD_RUNPATH_SEARCH_PATHS = "$(inherited) @executable_path/Frameworks";
				PRODUCT_NAME = "$(TARGET_NAME)";
			};
			name = Release;
		};
		472ED07C197D32510028B227 /* Debug */ = {
			isa = XCBuildConfiguration;
			buildSettings = {
				BUNDLE_LOADER = "$(BUILT_PRODUCTS_DIR)/UberJump.app/UberJump";
				FRAMEWORK_SEARCH_PATHS = (
					"$(SDKROOT)/Developer/Library/Frameworks",
					"$(inherited)",
				);
				GCC_PREPROCESSOR_DEFINITIONS = (
					"DEBUG=1",
					"$(inherited)",
				);
				INFOPLIST_FILE = UberJumpTests/Info.plist;
				LD_RUNPATH_SEARCH_PATHS = "$(inherited) @executable_path/Frameworks @loader_path/Frameworks";
				PRODUCT_NAME = "$(TARGET_NAME)";
				TEST_HOST = "$(BUNDLE_LOADER)";
			};
			name = Debug;
		};
		472ED07D197D32510028B227 /* Release */ = {
			isa = XCBuildConfiguration;
			buildSettings = {
				BUNDLE_LOADER = "$(BUILT_PRODUCTS_DIR)/UberJump.app/UberJump";
				FRAMEWORK_SEARCH_PATHS = (
					"$(SDKROOT)/Developer/Library/Frameworks",
					"$(inherited)",
				);
				INFOPLIST_FILE = UberJumpTests/Info.plist;
				LD_RUNPATH_SEARCH_PATHS = "$(inherited) @executable_path/Frameworks @loader_path/Frameworks";
				PRODUCT_NAME = "$(TARGET_NAME)";
				TEST_HOST = "$(BUNDLE_LOADER)";
			};
			name = Release;
		};
/* End XCBuildConfiguration section */

/* Begin XCConfigurationList section */
		472ED053197D32510028B227 /* Build configuration list for PBXProject "UberJump" */ = {
			isa = XCConfigurationList;
			buildConfigurations = (
				472ED076197D32510028B227 /* Debug */,
				472ED077197D32510028B227 /* Release */,
			);
			defaultConfigurationIsVisible = 0;
			defaultConfigurationName = Release;
		};
		472ED078197D32510028B227 /* Build configuration list for PBXNativeTarget "UberJump" */ = {
			isa = XCConfigurationList;
			buildConfigurations = (
				472ED079197D32510028B227 /* Debug */,
				472ED07A197D32510028B227 /* Release */,
			);
			defaultConfigurationIsVisible = 0;
		};
		472ED07B197D32510028B227 /* Build configuration list for PBXNativeTarget "UberJumpTests" */ = {
			isa = XCConfigurationList;
			buildConfigurations = (
				472ED07C197D32510028B227 /* Debug */,
				472ED07D197D32510028B227 /* Release */,
			);
			defaultConfigurationIsVisible = 0;
		};
/* End XCConfigurationList section */
	};
	rootObject = 472ED050197D32510028B227 /* Project object */;
}
